
Microsoft Visual Studio Solution File, Format Version 12.00
# Visual Studio Version 16
VisualStudioVersion = 16.0.29102.190
MinimumVisualStudioVersion = 10.0.40219.1
Project("{FAE04EC0-301F-11D3-BF4B-00C04F79EFBC}") = "RoleHSETemp1", "RoleHSETemp1.csproj", "{36C5AA97-3A05-403C-98EB-FFEF27406B25}"
EndProject
Global
	GlobalSection(SolutionConfigurationPlatforms) = preSolution
		Debug|Any CPU = Debug|Any CPU
		Release|Any CPU = Release|Any CPU
	EndGlobalSection
	GlobalSection(ProjectConfigurationPlatforms) = postSolution
		{36C5AA97-3A05-403C-98EB-FFEF27406B25}.Debug|Any CPU.ActiveCfg = Debug|Any CPU
		{36C5AA97-3A05-403C-98EB-FFEF27406B25}.Debug|Any CPU.Build.0 = Debug|Any CPU
		{36C5AA97-3A05-403C-98EB-FFEF27406B25}.Release|Any CPU.ActiveCfg = Release|Any CPU
		{36C5AA97-3A05-403C-98EB-FFEF27406B25}.Release|Any CPU.Build.0 = Release|Any CPU
	EndGlobalSection
	GlobalSection(SolutionProperties) = preSolution
		HideSolutionNode = FALSE
	EndGlobalSection
	GlobalSection(ExtensibilityGlobals) = postSolution
		SolutionGuid = {BB257FAB-5D8E-418B-A5E6-9E85F3D0DA47}
	EndGlobalSection
EndGlobal
